
Microsoft Visual Studio Solution File, Format Version 12.00
# Visual Studio 14
VisualStudioVersion = 14.0.23107.0
MinimumVisualStudioVersion = 10.0.40219.1
Project("{FAE04EC0-301F-11D3-BF4B-00C04F79EFBC}") = "V8Commit.ConsoleApp", "V8Commit.ConsoleApp\V8Commit.ConsoleApp.csproj", "{646A80E4-61B8-4E44-8F71-75AB300FF684}"
EndProject
Project("{FAE04EC0-301F-11D3-BF4B-00C04F79EFBC}") = "V8Commit.Services", "..\V8Commit.Services\V8Commit.Services.csproj", "{0680410B-3B97-475D-8FBC-71581209A860}"
EndProject
Global
	GlobalSection(SolutionConfigurationPlatforms) = preSolution
		Debug|Any CPU = Debug|Any CPU
		Release|Any CPU = Release|Any CPU
	EndGlobalSection
	GlobalSection(ProjectConfigurationPlatforms) = postSolution
		{646A80E4-61B8-4E44-8F71-75AB300FF684}.Debug|Any CPU.ActiveCfg = Debug|Any CPU
		{646A80E4-61B8-4E44-8F71-75AB300FF684}.Debug|Any CPU.Build.0 = Debug|Any CPU
		{646A80E4-61B8-4E44-8F71-75AB300FF684}.Release|Any CPU.ActiveCfg = Release|Any CPU
		{646A80E4-61B8-4E44-8F71-75AB300FF684}.Release|Any CPU.Build.0 = Release|Any CPU
		{0680410B-3B97-475D-8FBC-71581209A860}.Debug|Any CPU.ActiveCfg = Debug|Any CPU
		{0680410B-3B97-475D-8FBC-71581209A860}.Debug|Any CPU.Build.0 = Debug|Any CPU
		{0680410B-3B97-475D-8FBC-71581209A860}.Release|Any CPU.ActiveCfg = Release|Any CPU
		{0680410B-3B97-475D-8FBC-71581209A860}.Release|Any CPU.Build.0 = Release|Any CPU
	EndGlobalSection
	GlobalSection(SolutionProperties) = preSolution
		HideSolutionNode = FALSE
	EndGlobalSection
EndGlobal
